
Microsoft Visual Studio Solution File, Format Version 12.00
# Visual Studio Version 17
VisualStudioVersion = 17.11.35312.102
MinimumVisualStudioVersion = 10.0.40219.1
Project("{FAE04EC0-301F-11D3-BF4B-00C04F79EFBC}") = "StonePaperScissorsGame", "StonePaperScissorsGame.csproj", "{746EAAFC-6262-4C84-9351-10304EB55C64}"
EndProject
Global
	GlobalSection(SolutionConfigurationPlatforms) = preSolution
		Debug|Any CPU = Debug|Any CPU
		Release|Any CPU = Release|Any CPU
	EndGlobalSection
	GlobalSection(ProjectConfigurationPlatforms) = postSolution
		{746EAAFC-6262-4C84-9351-10304EB55C64}.Debug|Any CPU.ActiveCfg = Debug|Any CPU
		{746EAAFC-6262-4C84-9351-10304EB55C64}.Debug|Any CPU.Build.0 = Debug|Any CPU
		{746EAAFC-6262-4C84-9351-10304EB55C64}.Release|Any CPU.ActiveCfg = Release|Any CPU
		{746EAAFC-6262-4C84-9351-10304EB55C64}.Release|Any CPU.Build.0 = Release|Any CPU
	EndGlobalSection
	GlobalSection(SolutionProperties) = preSolution
		HideSolutionNode = FALSE
	EndGlobalSection
	GlobalSection(ExtensibilityGlobals) = postSolution
		SolutionGuid = {35A592C4-EACE-4CC6-B1E8-9A7D13F760B6}
	EndGlobalSection
EndGlobal
